
Microsoft Visual Studio Solution File, Format Version 12.00
# Visual Studio 15
VisualStudioVersion = 15.0.26124.0
MinimumVisualStudioVersion = 15.0.26124.0
Project("{FAE04EC0-301F-11D3-BF4B-00C04F79EFBC}") = "Payment.Domain", "Payment.Domain\Payment.Domain.csproj", "{9681832E-3FFC-43BB-98D6-5357C06172E0}"
EndProject
Project("{FAE04EC0-301F-11D3-BF4B-00C04F79EFBC}") = "Payment.Shared", "Payment.Shared\Payment.Shared.csproj", "{7771D4CF-1A71-408E-91B8-E3520D7FA29E}"
EndProject
Project("{FAE04EC0-301F-11D3-BF4B-00C04F79EFBC}") = "Payment.Tests", "Payment.Tests\Payment.Tests.csproj", "{A954A317-24FD-4480-B6BA-1C8E9CA8A644}"
EndProject
Global
	GlobalSection(SolutionConfigurationPlatforms) = preSolution
		Debug|Any CPU = Debug|Any CPU
		Debug|x64 = Debug|x64
		Debug|x86 = Debug|x86
		Release|Any CPU = Release|Any CPU
		Release|x64 = Release|x64
		Release|x86 = Release|x86
	EndGlobalSection
	GlobalSection(SolutionProperties) = preSolution
		HideSolutionNode = FALSE
	EndGlobalSection
	GlobalSection(ProjectConfigurationPlatforms) = postSolution
		{9681832E-3FFC-43BB-98D6-5357C06172E0}.Debug|Any CPU.ActiveCfg = Debug|Any CPU
		{9681832E-3FFC-43BB-98D6-5357C06172E0}.Debug|Any CPU.Build.0 = Debug|Any CPU
		{9681832E-3FFC-43BB-98D6-5357C06172E0}.Debug|x64.ActiveCfg = Debug|Any CPU
		{9681832E-3FFC-43BB-98D6-5357C06172E0}.Debug|x64.Build.0 = Debug|Any CPU
		{9681832E-3FFC-43BB-98D6-5357C06172E0}.Debug|x86.ActiveCfg = Debug|Any CPU
		{9681832E-3FFC-43BB-98D6-5357C06172E0}.Debug|x86.Build.0 = Debug|Any CPU
		{9681832E-3FFC-43BB-98D6-5357C06172E0}.Release|Any CPU.ActiveCfg = Release|Any CPU
		{9681832E-3FFC-43BB-98D6-5357C06172E0}.Release|Any CPU.Build.0 = Release|Any CPU
		{9681832E-3FFC-43BB-98D6-5357C06172E0}.Release|x64.ActiveCfg = Release|Any CPU
		{9681832E-3FFC-43BB-98D6-5357C06172E0}.Release|x64.Build.0 = Release|Any CPU
		{9681832E-3FFC-43BB-98D6-5357C06172E0}.Release|x86.ActiveCfg = Release|Any CPU
		{9681832E-3FFC-43BB-98D6-5357C06172E0}.Release|x86.Build.0 = Release|Any CPU
		{7771D4CF-1A71-408E-91B8-E3520D7FA29E}.Debug|Any CPU.ActiveCfg = Debug|Any CPU
		{7771D4CF-1A71-408E-91B8-E3520D7FA29E}.Debug|Any CPU.Build.0 = Debug|Any CPU
		{7771D4CF-1A71-408E-91B8-E3520D7FA29E}.Debug|x64.ActiveCfg = Debug|Any CPU
		{7771D4CF-1A71-408E-91B8-E3520D7FA29E}.Debug|x64.Build.0 = Debug|Any CPU
		{7771D4CF-1A71-408E-91B8-E3520D7FA29E}.Debug|x86.ActiveCfg = Debug|Any CPU
		{7771D4CF-1A71-408E-91B8-E3520D7FA29E}.Debug|x86.Build.0 = Debug|Any CPU
		{7771D4CF-1A71-408E-91B8-E3520D7FA29E}.Release|Any CPU.ActiveCfg = Release|Any CPU
		{7771D4CF-1A71-408E-91B8-E3520D7FA29E}.Release|Any CPU.Build.0 = Release|Any CPU
		{7771D4CF-1A71-408E-91B8-E3520D7FA29E}.Release|x64.ActiveCfg = Release|Any CPU
		{7771D4CF-1A71-408E-91B8-E3520D7FA29E}.Release|x64.Build.0 = Release|Any CPU
		{7771D4CF-1A71-408E-91B8-E3520D7FA29E}.Release|x86.ActiveCfg = Release|Any CPU
		{7771D4CF-1A71-408E-91B8-E3520D7FA29E}.Release|x86.Build.0 = Release|Any CPU
		{A954A317-24FD-4480-B6BA-1C8E9CA8A644}.Debug|Any CPU.ActiveCfg = Debug|Any CPU
		{A954A317-24FD-4480-B6BA-1C8E9CA8A644}.Debug|Any CPU.Build.0 = Debug|Any CPU
		{A954A317-24FD-4480-B6BA-1C8E9CA8A644}.Debug|x64.ActiveCfg = Debug|Any CPU
		{A954A317-24FD-4480-B6BA-1C8E9CA8A644}.Debug|x64.Build.0 = Debug|Any CPU
		{A954A317-24FD-4480-B6BA-1C8E9CA8A644}.Debug|x86.ActiveCfg = Debug|Any CPU
		{A954A317-24FD-4480-B6BA-1C8E9CA8A644}.Debug|x86.Build.0 = Debug|Any CPU
		{A954A317-24FD-4480-B6BA-1C8E9CA8A644}.Release|Any CPU.ActiveCfg = Release|Any CPU
		{A954A317-24FD-4480-B6BA-1C8E9CA8A644}.Release|Any CPU.Build.0 = Release|Any CPU
		{A954A317-24FD-4480-B6BA-1C8E9CA8A644}.Release|x64.ActiveCfg = Release|Any CPU
		{A954A317-24FD-4480-B6BA-1C8E9CA8A644}.Release|x64.Build.0 = Release|Any CPU
		{A954A317-24FD-4480-B6BA-1C8E9CA8A644}.Release|x86.ActiveCfg = Release|Any CPU
		{A954A317-24FD-4480-B6BA-1C8E9CA8A644}.Release|x86.Build.0 = Release|Any CPU
	EndGlobalSection
EndGlobal
